
Microsoft Visual Studio Solution File, Format Version 12.00
# Visual Studio Version 17
VisualStudioVersion = 17.8.34511.84
MinimumVisualStudioVersion = 10.0.40219.1
Project("{FAE04EC0-301F-11D3-BF4B-00C04F79EFBC}") = "ConsoleAppXmlExamples", "ConsoleAppXmlExamples.csproj", "{F569B0CC-3CE5-4923-B2A8-EFDAD976373A}"
EndProject
Global
	GlobalSection(SolutionConfigurationPlatforms) = preSolution
		Debug|Any CPU = Debug|Any CPU
		Release|Any CPU = Release|Any CPU
	EndGlobalSection
	GlobalSection(ProjectConfigurationPlatforms) = postSolution
		{F569B0CC-3CE5-4923-B2A8-EFDAD976373A}.Debug|Any CPU.ActiveCfg = Debug|Any CPU
		{F569B0CC-3CE5-4923-B2A8-EFDAD976373A}.Debug|Any CPU.Build.0 = Debug|Any CPU
		{F569B0CC-3CE5-4923-B2A8-EFDAD976373A}.Release|Any CPU.ActiveCfg = Release|Any CPU
		{F569B0CC-3CE5-4923-B2A8-EFDAD976373A}.Release|Any CPU.Build.0 = Release|Any CPU
	EndGlobalSection
	GlobalSection(SolutionProperties) = preSolution
		HideSolutionNode = FALSE
	EndGlobalSection
	GlobalSection(ExtensibilityGlobals) = postSolution
		SolutionGuid = {F5655628-525C-407D-B3F7-DF9C79543AEA}
	EndGlobalSection
EndGlobal
